
Microsoft Visual Studio Solution File, Format Version 12.00
# Visual Studio Version 17
VisualStudioVersion = 17.14.36310.24
MinimumVisualStudioVersion = 10.0.40219.1
Project("{FAE04EC0-301F-11D3-BF4B-00C04F79EFBC}") = "validator", "deneme\validator.csproj", "{8996E65A-B56B-4977-8FB2-0F2E911452A8}"
EndProject
Global
	GlobalSection(SolutionConfigurationPlatforms) = preSolution
		Debug|Any CPU = Debug|Any CPU
		Release|Any CPU = Release|Any CPU
	EndGlobalSection
	GlobalSection(ProjectConfigurationPlatforms) = postSolution
		{8996E65A-B56B-4977-8FB2-0F2E911452A8}.Debug|Any CPU.ActiveCfg = Debug|Any CPU
		{8996E65A-B56B-4977-8FB2-0F2E911452A8}.Debug|Any CPU.Build.0 = Debug|Any CPU
		{8996E65A-B56B-4977-8FB2-0F2E911452A8}.Release|Any CPU.ActiveCfg = Release|Any CPU
		{8996E65A-B56B-4977-8FB2-0F2E911452A8}.Release|Any CPU.Build.0 = Release|Any CPU
	EndGlobalSection
	GlobalSection(SolutionProperties) = preSolution
		HideSolutionNode = FALSE
	EndGlobalSection
	GlobalSection(ExtensibilityGlobals) = postSolution
		SolutionGuid = {5B8577EA-8B3D-4841-A2D7-0E94B92D6DDA}
	EndGlobalSection
EndGlobal
